
Microsoft Visual Studio Solution File, Format Version 12.00
# Visual Studio Version 17
VisualStudioVersion = 17.11.35327.3
MinimumVisualStudioVersion = 10.0.40219.1
Project("{9A19103F-16F7-4668-BE54-9A1E7A4F7556}") = "ePonto.Web", "src\ePonto.Web\ePonto.Web.csproj", "{501B82A8-A630-4508-8790-C8F8CCE3A7CE}"
EndProject
Project("{2150E333-8FDC-42A3-9474-1A3956D46DE8}") = "0 - Especificação", "0 - Especificação", "{6A71BB10-66E1-429E-A605-BD641FD1AF6F}"
EndProject
Project("{2150E333-8FDC-42A3-9474-1A3956D46DE8}") = "1 - Apresentação", "1 - Apresentação", "{03BD6B40-5DB3-4566-BC0E-5E00A58B5E68}"
EndProject
Project("{2150E333-8FDC-42A3-9474-1A3956D46DE8}") = "2 - Infraestrutura", "2 - Infraestrutura", "{FD98FC8C-FE2E-4EB5-ACC2-DBD22D4D1DA2}"
EndProject
Project("{2150E333-8FDC-42A3-9474-1A3956D46DE8}") = "3 - Core", "3 - Core", "{74B1D88C-5AF5-44F5-804D-3AFF81593B2A}"
EndProject
Project("{2150E333-8FDC-42A3-9474-1A3956D46DE8}") = "4 - Cross-Cutting", "4 - Cross-Cutting", "{CFBA0C39-6597-4BBA-A2A3-0C4B56F7A14B}"
EndProject
Project("{2150E333-8FDC-42A3-9474-1A3956D46DE8}") = "5 - Dependências Externas", "5 - Dependências Externas", "{3586DDE6-267A-4FAC-A3B1-422930626994}"
EndProject
Project("{2150E333-8FDC-42A3-9474-1A3956D46DE8}") = "6 - Recursos", "6 - Recursos", "{01B73514-2CEF-471A-B2E2-13803240BDDC}"
EndProject
Project("{9A19103F-16F7-4668-BE54-9A1E7A4F7556}") = "ePonto.DomainModel", "src\ePonto.DomainModel\ePonto.DomainModel.csproj", "{D0D58C59-68C5-4965-A784-2B0EDC9BA695}"
EndProject
Project("{9A19103F-16F7-4668-BE54-9A1E7A4F7556}") = "ePonto.ApplicationModel", "src\ePonto.ApplicationModel\ePonto.ApplicationModel.csproj", "{2E1DD321-7512-436E-A802-677BBE1C57D0}"
EndProject
Project("{9A19103F-16F7-4668-BE54-9A1E7A4F7556}") = "ePonto.ApplicationCore", "src\ePonto.ApplicationCore\ePonto.ApplicationCore.csproj", "{19C10ECC-F7F5-4854-993F-20A2E0F1BA0B}"
EndProject
Project("{2150E333-8FDC-42A3-9474-1A3956D46DE8}") = "Data Services", "Data Services", "{3E18EBEB-88CA-4B1F-80E4-131FD41B2477}"
EndProject
Project("{2150E333-8FDC-42A3-9474-1A3956D46DE8}") = "Integration Services", "Integration Services", "{84263DD1-D3C1-4848-9B52-3C9BA9E8AB6F}"
EndProject
Project("{9A19103F-16F7-4668-BE54-9A1E7A4F7556}") = "ePonto.EntityFrameworkCore.SqlServer", "src\ePonto.EntityFrameworkCore.SqlServer\ePonto.EntityFrameworkCore.SqlServer.csproj", "{469CF4AB-7DED-4AAB-8E59-1056D2B1C43E}"
EndProject
Project("{9A19103F-16F7-4668-BE54-9A1E7A4F7556}") = "ePonto.Desktop", "src\ePonto.Desktop\ePonto.Desktop.csproj", "{49988E60-B634-4EAE-9E53-049E75FF8D02}"
EndProject
Project("{9A19103F-16F7-4668-BE54-9A1E7A4F7556}") = "ePonto.Specs", "spec\ePonto.Specs\ePonto.Specs.csproj", "{65B0B2C6-7D41-4D39-994D-A5A0EC54EA56}"
EndProject
Project("{9A19103F-16F7-4668-BE54-9A1E7A4F7556}") = "ePonto.Specs.Web", "spec\ePonto.Specs.Web\ePonto.Specs.Web.csproj", "{C14B48D9-ACCE-4423-867E-3529B3610584}"
EndProject
Project("{9A19103F-16F7-4668-BE54-9A1E7A4F7556}") = "ePonto.Specs.Desktop", "spec\ePonto.Specs.Desktop\ePonto.Specs.Desktop.csproj", "{FFBEFC56-2726-4753-8769-D30DD20D49CF}"
EndProject
Project("{9A19103F-16F7-4668-BE54-9A1E7A4F7556}") = "System.Extensions", "pkg\System.Extensions\System.Extensions.csproj", "{1B7FF359-C7CA-413C-AE35-A1F83BBCD064}"
EndProject
Project("{FAE04EC0-301F-11D3-BF4B-00C04F79EFBC}") = "ePonto.Api.Client", "src\ePonto.Api.Client\ePonto.Api.Client.csproj", "{2F606817-3F9F-4850-9D85-A0F939D42234}"
EndProject
Project("{FAE04EC0-301F-11D3-BF4B-00C04F79EFBC}") = "ePonto.Shared", "src\ePonto.Shared\ePonto.Shared.csproj", "{6332C977-413D-4C5D-AB8A-4AB6FCC79408}"
EndProject
Project("{FAE04EC0-301F-11D3-BF4B-00C04F79EFBC}") = "ePonto.Web.Tests", "test\ePonto.Web.Tests\ePonto.Web.Tests.csproj", "{D8EDB4E0-CB3A-499C-8935-2733193E82C8}"
EndProject
Global
	GlobalSection(SolutionConfigurationPlatforms) = preSolution
		Debug|Any CPU = Debug|Any CPU
		Release|Any CPU = Release|Any CPU
	EndGlobalSection
	GlobalSection(ProjectConfigurationPlatforms) = postSolution
		{501B82A8-A630-4508-8790-C8F8CCE3A7CE}.Debug|Any CPU.ActiveCfg = Debug|Any CPU
		{501B82A8-A630-4508-8790-C8F8CCE3A7CE}.Debug|Any CPU.Build.0 = Debug|Any CPU
		{501B82A8-A630-4508-8790-C8F8CCE3A7CE}.Release|Any CPU.ActiveCfg = Release|Any CPU
		{501B82A8-A630-4508-8790-C8F8CCE3A7CE}.Release|Any CPU.Build.0 = Release|Any CPU
		{D0D58C59-68C5-4965-A784-2B0EDC9BA695}.Debug|Any CPU.ActiveCfg = Debug|Any CPU
		{D0D58C59-68C5-4965-A784-2B0EDC9BA695}.Debug|Any CPU.Build.0 = Debug|Any CPU
		{D0D58C59-68C5-4965-A784-2B0EDC9BA695}.Release|Any CPU.ActiveCfg = Release|Any CPU
		{D0D58C59-68C5-4965-A784-2B0EDC9BA695}.Release|Any CPU.Build.0 = Release|Any CPU
		{2E1DD321-7512-436E-A802-677BBE1C57D0}.Debug|Any CPU.ActiveCfg = Debug|Any CPU
		{2E1DD321-7512-436E-A802-677BBE1C57D0}.Debug|Any CPU.Build.0 = Debug|Any CPU
		{2E1DD321-7512-436E-A802-677BBE1C57D0}.Release|Any CPU.ActiveCfg = Release|Any CPU
		{2E1DD321-7512-436E-A802-677BBE1C57D0}.Release|Any CPU.Build.0 = Release|Any CPU
		{19C10ECC-F7F5-4854-993F-20A2E0F1BA0B}.Debug|Any CPU.ActiveCfg = Debug|Any CPU
		{19C10ECC-F7F5-4854-993F-20A2E0F1BA0B}.Debug|Any CPU.Build.0 = Debug|Any CPU
		{19C10ECC-F7F5-4854-993F-20A2E0F1BA0B}.Release|Any CPU.ActiveCfg = Release|Any CPU
		{19C10ECC-F7F5-4854-993F-20A2E0F1BA0B}.Release|Any CPU.Build.0 = Release|Any CPU
		{469CF4AB-7DED-4AAB-8E59-1056D2B1C43E}.Debug|Any CPU.ActiveCfg = Debug|Any CPU
		{469CF4AB-7DED-4AAB-8E59-1056D2B1C43E}.Debug|Any CPU.Build.0 = Debug|Any CPU
		{469CF4AB-7DED-4AAB-8E59-1056D2B1C43E}.Release|Any CPU.ActiveCfg = Release|Any CPU
		{469CF4AB-7DED-4AAB-8E59-1056D2B1C43E}.Release|Any CPU.Build.0 = Release|Any CPU
		{49988E60-B634-4EAE-9E53-049E75FF8D02}.Debug|Any CPU.ActiveCfg = Debug|Any CPU
		{49988E60-B634-4EAE-9E53-049E75FF8D02}.Debug|Any CPU.Build.0 = Debug|Any CPU
		{49988E60-B634-4EAE-9E53-049E75FF8D02}.Release|Any CPU.ActiveCfg = Release|Any CPU
		{49988E60-B634-4EAE-9E53-049E75FF8D02}.Release|Any CPU.Build.0 = Release|Any CPU
		{65B0B2C6-7D41-4D39-994D-A5A0EC54EA56}.Debug|Any CPU.ActiveCfg = Debug|Any CPU
		{65B0B2C6-7D41-4D39-994D-A5A0EC54EA56}.Debug|Any CPU.Build.0 = Debug|Any CPU
		{65B0B2C6-7D41-4D39-994D-A5A0EC54EA56}.Release|Any CPU.ActiveCfg = Release|Any CPU
		{65B0B2C6-7D41-4D39-994D-A5A0EC54EA56}.Release|Any CPU.Build.0 = Release|Any CPU
		{C14B48D9-ACCE-4423-867E-3529B3610584}.Debug|Any CPU.ActiveCfg = Debug|Any CPU
		{C14B48D9-ACCE-4423-867E-3529B3610584}.Debug|Any CPU.Build.0 = Debug|Any CPU
		{C14B48D9-ACCE-4423-867E-3529B3610584}.Release|Any CPU.ActiveCfg = Release|Any CPU
		{C14B48D9-ACCE-4423-867E-3529B3610584}.Release|Any CPU.Build.0 = Release|Any CPU
		{FFBEFC56-2726-4753-8769-D30DD20D49CF}.Debug|Any CPU.ActiveCfg = Debug|Any CPU
		{FFBEFC56-2726-4753-8769-D30DD20D49CF}.Debug|Any CPU.Build.0 = Debug|Any CPU
		{FFBEFC56-2726-4753-8769-D30DD20D49CF}.Release|Any CPU.ActiveCfg = Release|Any CPU
		{FFBEFC56-2726-4753-8769-D30DD20D49CF}.Release|Any CPU.Build.0 = Release|Any CPU
		{1B7FF359-C7CA-413C-AE35-A1F83BBCD064}.Debug|Any CPU.ActiveCfg = Debug|Any CPU
		{1B7FF359-C7CA-413C-AE35-A1F83BBCD064}.Debug|Any CPU.Build.0 = Debug|Any CPU
		{1B7FF359-C7CA-413C-AE35-A1F83BBCD064}.Release|Any CPU.ActiveCfg = Release|Any CPU
		{1B7FF359-C7CA-413C-AE35-A1F83BBCD064}.Release|Any CPU.Build.0 = Release|Any CPU
		{2F606817-3F9F-4850-9D85-A0F939D42234}.Debug|Any CPU.ActiveCfg = Debug|Any CPU
		{2F606817-3F9F-4850-9D85-A0F939D42234}.Debug|Any CPU.Build.0 = Debug|Any CPU
		{2F606817-3F9F-4850-9D85-A0F939D42234}.Release|Any CPU.ActiveCfg = Release|Any CPU
		{2F606817-3F9F-4850-9D85-A0F939D42234}.Release|Any CPU.Build.0 = Release|Any CPU
		{6332C977-413D-4C5D-AB8A-4AB6FCC79408}.Debug|Any CPU.ActiveCfg = Debug|Any CPU
		{6332C977-413D-4C5D-AB8A-4AB6FCC79408}.Debug|Any CPU.Build.0 = Debug|Any CPU
		{6332C977-413D-4C5D-AB8A-4AB6FCC79408}.Release|Any CPU.ActiveCfg = Release|Any CPU
		{6332C977-413D-4C5D-AB8A-4AB6FCC79408}.Release|Any CPU.Build.0 = Release|Any CPU
		{D8EDB4E0-CB3A-499C-8935-2733193E82C8}.Debug|Any CPU.ActiveCfg = Debug|Any CPU
		{D8EDB4E0-CB3A-499C-8935-2733193E82C8}.Debug|Any CPU.Build.0 = Debug|Any CPU
		{D8EDB4E0-CB3A-499C-8935-2733193E82C8}.Release|Any CPU.ActiveCfg = Release|Any CPU
		{D8EDB4E0-CB3A-499C-8935-2733193E82C8}.Release|Any CPU.Build.0 = Release|Any CPU
	EndGlobalSection
	GlobalSection(SolutionProperties) = preSolution
		HideSolutionNode = FALSE
	EndGlobalSection
	GlobalSection(NestedProjects) = preSolution
		{501B82A8-A630-4508-8790-C8F8CCE3A7CE} = {03BD6B40-5DB3-4566-BC0E-5E00A58B5E68}
		{D0D58C59-68C5-4965-A784-2B0EDC9BA695} = {74B1D88C-5AF5-44F5-804D-3AFF81593B2A}
		{2E1DD321-7512-436E-A802-677BBE1C57D0} = {74B1D88C-5AF5-44F5-804D-3AFF81593B2A}
		{19C10ECC-F7F5-4854-993F-20A2E0F1BA0B} = {74B1D88C-5AF5-44F5-804D-3AFF81593B2A}
		{3E18EBEB-88CA-4B1F-80E4-131FD41B2477} = {FD98FC8C-FE2E-4EB5-ACC2-DBD22D4D1DA2}
		{84263DD1-D3C1-4848-9B52-3C9BA9E8AB6F} = {FD98FC8C-FE2E-4EB5-ACC2-DBD22D4D1DA2}
		{469CF4AB-7DED-4AAB-8E59-1056D2B1C43E} = {3E18EBEB-88CA-4B1F-80E4-131FD41B2477}
		{49988E60-B634-4EAE-9E53-049E75FF8D02} = {03BD6B40-5DB3-4566-BC0E-5E00A58B5E68}
		{65B0B2C6-7D41-4D39-994D-A5A0EC54EA56} = {6A71BB10-66E1-429E-A605-BD641FD1AF6F}
		{C14B48D9-ACCE-4423-867E-3529B3610584} = {6A71BB10-66E1-429E-A605-BD641FD1AF6F}
		{FFBEFC56-2726-4753-8769-D30DD20D49CF} = {6A71BB10-66E1-429E-A605-BD641FD1AF6F}
		{1B7FF359-C7CA-413C-AE35-A1F83BBCD064} = {CFBA0C39-6597-4BBA-A2A3-0C4B56F7A14B}
		{2F606817-3F9F-4850-9D85-A0F939D42234} = {3E18EBEB-88CA-4B1F-80E4-131FD41B2477}
		{6332C977-413D-4C5D-AB8A-4AB6FCC79408} = {CFBA0C39-6597-4BBA-A2A3-0C4B56F7A14B}
		{D8EDB4E0-CB3A-499C-8935-2733193E82C8} = {03BD6B40-5DB3-4566-BC0E-5E00A58B5E68}
	EndGlobalSection
	GlobalSection(ExtensibilityGlobals) = postSolution
		SolutionGuid = {215973CB-01B9-440F-B581-8B3309DBD919}
	EndGlobalSection
EndGlobal
